Microsoft Visual Studio Solution File, Format Version 12.00
# Visual Studio Version 17
VisualStudioVersion = 17.5.2.0
MinimumVisualStudioVersion = 10.0.40219.1
Project("{FAE04EC0-301F-11D3-BF4B-00C04F79EFBC}") = "Fitness", "Fitness\Fitness.csproj", "{10B3907E-5832-103C-127C-0F6B78B1A1AC}"
EndProject
Project("{FAE04EC0-301F-11D3-BF4B-00C04F79EFBC}") = "Shift", "Shift\Shift.csproj", "{FF1BC59E-56AD-7352-9A82-DD334CC9C64C}"
EndProject
Project("{FAE04EC0-301F-11D3-BF4B-00C04F79EFBC}") = "Transactions", "Transactions\Transactions.csproj", "{82CD9CC1-F939-31C1-AC58-D7F37BF06F4F}"
EndProject
Global
	GlobalSection(SolutionConfigurationPlatforms) = preSolution
		Debug|Any CPU = Debug|Any CPU
		Release|Any CPU = Release|Any CPU
	EndGlobalSection
	GlobalSection(ProjectConfigurationPlatforms) = postSolution
		{10B3907E-5832-103C-127C-0F6B78B1A1AC}.Debug|Any CPU.ActiveCfg = Debug|Any CPU
		{10B3907E-5832-103C-127C-0F6B78B1A1AC}.Debug|Any CPU.Build.0 = Debug|Any CPU
		{10B3907E-5832-103C-127C-0F6B78B1A1AC}.Release|Any CPU.ActiveCfg = Release|Any CPU
		{10B3907E-5832-103C-127C-0F6B78B1A1AC}.Release|Any CPU.Build.0 = Release|Any CPU
		{FF1BC59E-56AD-7352-9A82-DD334CC9C64C}.Debug|Any CPU.ActiveCfg = Debug|Any CPU
		{FF1BC59E-56AD-7352-9A82-DD334CC9C64C}.Debug|Any CPU.Build.0 = Debug|Any CPU
		{FF1BC59E-56AD-7352-9A82-DD334CC9C64C}.Release|Any CPU.ActiveCfg = Release|Any CPU
		{FF1BC59E-56AD-7352-9A82-DD334CC9C64C}.Release|Any CPU.Build.0 = Release|Any CPU
		{82CD9CC1-F939-31C1-AC58-D7F37BF06F4F}.Debug|Any CPU.ActiveCfg = Debug|Any CPU
		{82CD9CC1-F939-31C1-AC58-D7F37BF06F4F}.Debug|Any CPU.Build.0 = Debug|Any CPU
		{82CD9CC1-F939-31C1-AC58-D7F37BF06F4F}.Release|Any CPU.ActiveCfg = Release|Any CPU
		{82CD9CC1-F939-31C1-AC58-D7F37BF06F4F}.Release|Any CPU.Build.0 = Release|Any CPU
	EndGlobalSection
	GlobalSection(SolutionProperties) = preSolution
		HideSolutionNode = FALSE
	EndGlobalSection
	GlobalSection(ExtensibilityGlobals) = postSolution
		SolutionGuid = {F38130CC-A33B-4D03-B8BD-F6A639C09535}
	EndGlobalSection
EndGlobal
