Microsoft Visual Studio Solution File, Format Version 12.00
# Visual Studio Version 17
VisualStudioVersion = 17.5.2.0
MinimumVisualStudioVersion = 10.0.40219.1
Project("{FAE04EC0-301F-11D3-BF4B-00C04F79EFBC}") = "ConstructorExample", "ConstructorExample\ConstructorExample.csproj", "{3DC37637-FE84-7558-97AF-3D117DADCAB1}"
EndProject
Global
	GlobalSection(SolutionConfigurationPlatforms) = preSolution
		Debug|Any CPU = Debug|Any CPU
		Release|Any CPU = Release|Any CPU
	EndGlobalSection
	GlobalSection(ProjectConfigurationPlatforms) = postSolution
		{3DC37637-FE84-7558-97AF-3D117DADCAB1}.Debug|Any CPU.ActiveCfg = Debug|Any CPU
		{3DC37637-FE84-7558-97AF-3D117DADCAB1}.Debug|Any CPU.Build.0 = Debug|Any CPU
		{3DC37637-FE84-7558-97AF-3D117DADCAB1}.Release|Any CPU.ActiveCfg = Release|Any CPU
		{3DC37637-FE84-7558-97AF-3D117DADCAB1}.Release|Any CPU.Build.0 = Release|Any CPU
	EndGlobalSection
	GlobalSection(SolutionProperties) = preSolution
		HideSolutionNode = FALSE
	EndGlobalSection
	GlobalSection(ExtensibilityGlobals) = postSolution
		SolutionGuid = {D745F4D9-445C-4DA6-A7EF-AF2C50E22F19}
	EndGlobalSection
EndGlobal
